{
  "name": "flask",
  "version": "0.0.1",
  "lockfileVersion": 3,
  "requires": true,
  "packages": {
    "flask@globals": {
      "name": "@flask-globals",
      "version": "0.0.1",
      "license": "ISC"
    },

    "flask@generation": {
      "name": "@flask-generation",
      "version": "0.0.1",
      "license": "ISC"
    }
  }
}
